# THIS IS AN AUTOGENERATED FILE. DO NOT EDIT THIS FILE DIRECTLY.
# yarn lockfile v1


"@babel/runtime@^7.7.6":
  version "7.15.4"
  resolved "https://registry.yarnpkg.com/@babel/runtime/-/runtime-7.15.4.tgz#fd17d16bfdf878e6dd02d19753a39fa8a8d9c84a"
  integrity sha512-99catp6bHCaxr4sJ/DbTGgHS4+Rs2RVd2g7iOap6SLGPDknRK9ztKNsE/Fg6QhSeh1FGE5f6gHGQmvvn3I3xhw==
  dependencies:
    regenerator-runtime "^0.13.4"

history@^5.0.1:
  version "5.0.1"
  resolved "https://registry.yarnpkg.com/history/-/history-5.0.1.tgz#de35025ed08bce0db62364b47ebbf9d97b5eb06a"
  integrity sha512-5qC/tFUKfVci5kzgRxZxN5Mf1CV8NmJx9ByaPX0YTLx5Vz3Svh7NYp6eA4CpDq4iA9D0C1t8BNIfvQIrUI3mVw==
  dependencies:
    "@babel/runtime" "^7.7.6"

path-to-regexp@^6.2.0:
  version "6.2.0"
  resolved "https://registry.yarnpkg.com/path-to-regexp/-/path-to-regexp-6.2.0.tgz#f7b3803336104c346889adece614669230645f38"
  integrity sha512-f66KywYG6+43afgE/8j/GoiNyygk/bnoCbps++3ErRKsIYkGGupyv07R2Ok5m9i67Iqc+T2g1eAUGUPzWhYTyg==

regenerator-runtime@^0.13.4:
  version "0.13.9"
  resolved "https://registry.yarnpkg.com/regenerator-runtime/-/regenerator-runtime-0.13.9.tgz#8925742a98ffd90814988d7566ad30ca3b263b52"
  integrity sha512-p3VT+cOEgxFsRRA9X4lkI1E+k2/CtnKtU4gcxyaCUreilL/vqI6CdZ3wxVUx3UOUg+gnUOQQcRI7BmSI656MYA==

typescript@^4.4.3:
  version "4.4.3"
  resolved "https://registry.yarnpkg.com/typescript/-/typescript-4.4.3.tgz#bdc5407caa2b109efd4f82fe130656f977a29324"
  integrity sha512-4xfscpisVgqqDfPaJo5vkd+Qd/ItkoagnHpufr+i2QCHBsNYp+G7UAoyFl8aPtx879u38wPV65rZ8qbGZijalA==

universal-router@^9.1.0:
  version "9.1.0"
  resolved "https://registry.yarnpkg.com/universal-router/-/universal-router-9.1.0.tgz#f3732ccdbf22e9c1a8620aeb0d704401b25c43ee"
  integrity sha512-lvD+R3Qb36Ld9suZuQW2hGJ1PfrRRxd568GM2thw/wByLurQUvqEOImE/lLjgeS5lhvcwuhc4vDt1JNO9q3S/g==
  dependencies:
    path-to-regexp "^6.2.0"
